
Microsoft Visual Studio Solution File, Format Version 12.00
# Visual Studio Version 16
VisualStudioVersion = 16.0.30907.101
MinimumVisualStudioVersion = 10.0.40219.1
Project("{9A19103F-16F7-4668-BE54-9A1E7A4F7556}") = "RestaurantApp", "RestaurantApp.csproj", "{592AC06E-F06C-4B9B-81B3-1370480D0986}"
EndProject
Global
	GlobalSection(SolutionConfigurationPlatforms) = preSolution
		Debug|Any CPU = Debug|Any CPU
		Release|Any CPU = Release|Any CPU
	EndGlobalSection
	GlobalSection(ProjectConfigurationPlatforms) = postSolution
		{592AC06E-F06C-4B9B-81B3-1370480D0986}.Debug|Any CPU.ActiveCfg = Debug|Any CPU
		{592AC06E-F06C-4B9B-81B3-1370480D0986}.Debug|Any CPU.Build.0 = Debug|Any CPU
		{592AC06E-F06C-4B9B-81B3-1370480D0986}.Release|Any CPU.ActiveCfg = Release|Any CPU
		{592AC06E-F06C-4B9B-81B3-1370480D0986}.Release|Any CPU.Build.0 = Release|Any CPU
	EndGlobalSection
	GlobalSection(SolutionProperties) = preSolution
		HideSolutionNode = FALSE
	EndGlobalSection
	GlobalSection(ExtensibilityGlobals) = postSolution
		SolutionGuid = {F88398F1-F594-418F-846F-FD458477ABF4}
	EndGlobalSection
EndGlobal
